
Microsoft Visual Studio Solution File, Format Version 12.00
# Visual Studio Version 17
VisualStudioVersion = 17.6.33617.297
MinimumVisualStudioVersion = 10.0.40219.1
Project("{2150E333-8FDC-42A3-9474-1A3956D46DE8}") = "Abc", "Abc", "{1614A4D0-2346-4B46-A7BF-08558A77E046}"
	ProjectSection(SolutionItems) = preProject
		README.md = README.md
	EndProjectSection
EndProject
Project("{2150E333-8FDC-42A3-9474-1A3956D46DE8}") = "🔄️ Parts.Reversible", "🔄️ Parts.Reversible", "{CE17C9A1-B0A6-4B8E-9ED6-3F0DAF591CBE}"
	ProjectSection(SolutionItems) = preProject
		Rvrs\README.md = Rvrs\README.md
	EndProjectSection
EndProject
Project("{2150E333-8FDC-42A3-9474-1A3956D46DE8}") = "_🦉_Test&Learn", "_🦉_Test&Learn", "{F7B61D03-3AA9-45B3-B13F-0943CB215EBA}"
EndProject
Project("{2150E333-8FDC-42A3-9474-1A3956D46DE8}") = "Abc", "Abc", "{165121F7-C307-4E2A-A5BD-AE59D3D824CB}"
	ProjectSection(SolutionItems) = preProject
		README.md = README.md
	EndProjectSection
EndProject
Project("{2150E333-8FDC-42A3-9474-1A3956D46DE8}") = "Coll", "Coll", "{6F70E2A7-27B9-4520-BEDD-B8F1BE86BB67}"
EndProject
Project("{2150E333-8FDC-42A3-9474-1A3956D46DE8}") = "Coll", "Coll", "{85D39578-FB30-4ACF-80A4-C11C44756831}"
EndProject
Project("{2150E333-8FDC-42A3-9474-1A3956D46DE8}") = "⚙️_setup", "⚙️_setup", "{3682DD02-2AF0-4AE6-940E-128E08F24F0E}"
EndProject
Project("{9A19103F-16F7-4668-BE54-9A1E7A4F7556}") = "Rvrs", "Rvrs\Rvrs.csproj", "{9FDE045E-FDCF-4479-9567-1537B293FD75}"
EndProject
Project("{9A19103F-16F7-4668-BE54-9A1E7A4F7556}") = "Abc", "Abc\Abc.csproj", "{09DD4CA4-2040-4AF5-AC6E-08F4B153704C}"
EndProject
Project("{9A19103F-16F7-4668-BE54-9A1E7A4F7556}") = "Abc.Mk.Coll", "Abc.Mk.Coll\Abc.Mk.Coll.csproj", "{41D49BE4-869C-4542-9F22-2C9DB399BF21}"
EndProject
Project("{9A19103F-16F7-4668-BE54-9A1E7A4F7556}") = "Abc.Coll", "Abc.Coll\Abc.Coll.csproj", "{2536A27E-9AB1-43B1-AFC2-7799DAF21483}"
EndProject
Project("{9A19103F-16F7-4668-BE54-9A1E7A4F7556}") = "Abc.Test&Learn.Coll", "Abc.Test&Learn.Coll\Abc.Test&Learn.Coll.csproj", "{864A6CF2-586C-4C99-8513-539772229A63}"
EndProject
Project("{9A19103F-16F7-4668-BE54-9A1E7A4F7556}") = "Abc.Coll.Gtor", "Abc.Coll.Gtor\Abc.Coll.Gtor.csproj", "{61C742B0-1780-4352-ADD7-08F5EB02A7BC}"
EndProject
Project("{9A19103F-16F7-4668-BE54-9A1E7A4F7556}") = "Abc.Mk.Coll.Gtor", "Abc.Mk.Coll.Gtor\Abc.Mk.Coll.Gtor.csproj", "{256E48EF-6670-4B31-B1AE-CCF57EA4220A}"
EndProject
Project("{9A19103F-16F7-4668-BE54-9A1E7A4F7556}") = "Abc.Test&Learn", "Abc.Test&Learn\Abc.Test&Learn.csproj", "{DE430E11-6C7C-43A5-9B4C-54AC66953FBB}"
EndProject
Project("{9A19103F-16F7-4668-BE54-9A1E7A4F7556}") = "Abc.Test.Setup", "Abc.Test.Setup\Abc.Test.Setup.csproj", "{E13BCBB5-181B-476E-B1D8-DD5A8AB03DEE}"
EndProject
Project("{2150E333-8FDC-42A3-9474-1A3956D46DE8}") = "1-Item", "1-Item", "{3C09D808-A04E-4B97-8FE5-C83136D3198A}"
EndProject
Project("{9A19103F-16F7-4668-BE54-9A1E7A4F7556}") = "Abc.Item", "Abc.Prop\Abc.Item.csproj", "{C3B179F3-ECDA-4062-A3E3-66DD54773D39}"
EndProject
Project("{9A19103F-16F7-4668-BE54-9A1E7A4F7556}") = "Abc.Mk.Item", "Abc.Mk.Item\Abc.Mk.Item.csproj", "{68D2C542-5340-4912-A208-7E58E272B6A5}"
EndProject
Project("{2150E333-8FDC-42A3-9474-1A3956D46DE8}") = "Reversible", "Reversible", "{27CE49E5-68AC-4D2D-9C00-CAAB83DD77A3}"
EndProject
Project("{9A19103F-16F7-4668-BE54-9A1E7A4F7556}") = "Rvrs.Test&Learn", "Rvrs.Test&Learn\Rvrs.Test&Learn.csproj", "{135ABB21-682D-4BD3-9128-08E6F2DE4406}"
EndProject
Project("{9A19103F-16F7-4668-BE54-9A1E7A4F7556}") = "Rvrs.Mk", "Rvrs.Mk\Rvrs.Mk.csproj", "{5FA678AD-AC7C-4FF3-B934-27416BD4DFB3}"
EndProject
Project("{9A19103F-16F7-4668-BE54-9A1E7A4F7556}") = "Imp.Rvrs", "Imp.Rvrs\Imp.Rvrs.csproj", "{C62894FF-7CD5-4FF9-9AA5-10A435FA2F26}"
EndProject
Project("{2150E333-8FDC-42A3-9474-1A3956D46DE8}") = "Parts", "Parts", "{6556E1C8-9E8C-4614-A6D9-80DF821F4D03}"
EndProject
Project("{2150E333-8FDC-42A3-9474-1A3956D46DE8}") = "💠MutifacetValue", "💠MutifacetValue", "{765E3AE6-D581-468A-A041-68D4B756A069}"
EndProject
Project("{2150E333-8FDC-42A3-9474-1A3956D46DE8}") = "💠_🦉_Test&Learn", "💠_🦉_Test&Learn", "{0F00A047-09B3-4236-9D47-7867A9498CBF}"
EndProject
Project("{9A19103F-16F7-4668-BE54-9A1E7A4F7556}") = "N-Val", "N-Val\N-Val.csproj", "{B716F989-3E00-47BA-9A06-E9680FE28B0F}"
EndProject
Project("{2150E333-8FDC-42A3-9474-1A3956D46DE8}") = "💠_📖_ Read&Know", "💠_📖_ Read&Know", "{DE33B0E1-1D55-410B-AF1B-14B17A47CBA4}"
	ProjectSection(SolutionItems) = preProject
		README_Multifacet-Value(N-Val).md = README_Multifacet-Value(N-Val).md
	EndProjectSection
EndProject
Project("{9A19103F-16F7-4668-BE54-9A1E7A4F7556}") = "N-Val.Test&Learn", "N-Val.Test&Learn\N-Val.Test&Learn.csproj", "{7242745E-B034-43AD-ADE9-6FF57AC706E4}"
EndProject
Project("{9A19103F-16F7-4668-BE54-9A1E7A4F7556}") = "Mk.N-Val", "Mk.N-Val\Mk.N-Val.csproj", "{C19C535F-267E-447F-AC84-1A3CEF730452}"
EndProject
Project("{2150E333-8FDC-42A3-9474-1A3956D46DE8}") = "📊_Setup", "📊_Setup", "{A568B6F1-5AE5-455F-A5A1-1D14FDB7F4CD}"
EndProject
Project("{9A19103F-16F7-4668-BE54-9A1E7A4F7556}") = "TestData.N-Val", "TD.N-Val\TestData.N-Val.csproj", "{12B1ED78-1F73-4DE0-AC6C-152172367F2E}"
EndProject
Project("{2150E333-8FDC-42A3-9474-1A3956D46DE8}") = "Abc.WPF", "Abc.WPF", "{BB318299-B208-45BB-B836-4BE6F405C6B6}"
EndProject
Project("{FAE04EC0-301F-11D3-BF4B-00C04F79EFBC}") = "Win.Clay", "Win.Clay\Win.Clay.csproj", "{644CF48D-3993-4952-9E44-A5961B08509B}"
EndProject
Global
	GlobalSection(SolutionConfigurationPlatforms) = preSolution
		Debug|Any CPU = Debug|Any CPU
		Release|Any CPU = Release|Any CPU
	EndGlobalSection
	GlobalSection(ProjectConfigurationPlatforms) = postSolution
		{9FDE045E-FDCF-4479-9567-1537B293FD75}.Debug|Any CPU.ActiveCfg = Debug|Any CPU
		{9FDE045E-FDCF-4479-9567-1537B293FD75}.Debug|Any CPU.Build.0 = Debug|Any CPU
		{9FDE045E-FDCF-4479-9567-1537B293FD75}.Release|Any CPU.ActiveCfg = Release|Any CPU
		{9FDE045E-FDCF-4479-9567-1537B293FD75}.Release|Any CPU.Build.0 = Release|Any CPU
		{09DD4CA4-2040-4AF5-AC6E-08F4B153704C}.Debug|Any CPU.ActiveCfg = Debug|Any CPU
		{09DD4CA4-2040-4AF5-AC6E-08F4B153704C}.Debug|Any CPU.Build.0 = Debug|Any CPU
		{09DD4CA4-2040-4AF5-AC6E-08F4B153704C}.Release|Any CPU.ActiveCfg = Release|Any CPU
		{09DD4CA4-2040-4AF5-AC6E-08F4B153704C}.Release|Any CPU.Build.0 = Release|Any CPU
		{41D49BE4-869C-4542-9F22-2C9DB399BF21}.Debug|Any CPU.ActiveCfg = Debug|Any CPU
		{41D49BE4-869C-4542-9F22-2C9DB399BF21}.Debug|Any CPU.Build.0 = Debug|Any CPU
		{41D49BE4-869C-4542-9F22-2C9DB399BF21}.Release|Any CPU.ActiveCfg = Release|Any CPU
		{41D49BE4-869C-4542-9F22-2C9DB399BF21}.Release|Any CPU.Build.0 = Release|Any CPU
		{2536A27E-9AB1-43B1-AFC2-7799DAF21483}.Debug|Any CPU.ActiveCfg = Debug|Any CPU
		{2536A27E-9AB1-43B1-AFC2-7799DAF21483}.Debug|Any CPU.Build.0 = Debug|Any CPU
		{2536A27E-9AB1-43B1-AFC2-7799DAF21483}.Release|Any CPU.ActiveCfg = Release|Any CPU
		{2536A27E-9AB1-43B1-AFC2-7799DAF21483}.Release|Any CPU.Build.0 = Release|Any CPU
		{864A6CF2-586C-4C99-8513-539772229A63}.Debug|Any CPU.ActiveCfg = Debug|Any CPU
		{864A6CF2-586C-4C99-8513-539772229A63}.Debug|Any CPU.Build.0 = Debug|Any CPU
		{864A6CF2-586C-4C99-8513-539772229A63}.Release|Any CPU.ActiveCfg = Release|Any CPU
		{864A6CF2-586C-4C99-8513-539772229A63}.Release|Any CPU.Build.0 = Release|Any CPU
		{61C742B0-1780-4352-ADD7-08F5EB02A7BC}.Debug|Any CPU.ActiveCfg = Debug|Any CPU
		{61C742B0-1780-4352-ADD7-08F5EB02A7BC}.Debug|Any CPU.Build.0 = Debug|Any CPU
		{61C742B0-1780-4352-ADD7-08F5EB02A7BC}.Release|Any CPU.ActiveCfg = Release|Any CPU
		{61C742B0-1780-4352-ADD7-08F5EB02A7BC}.Release|Any CPU.Build.0 = Release|Any CPU
		{256E48EF-6670-4B31-B1AE-CCF57EA4220A}.Debug|Any CPU.ActiveCfg = Debug|Any CPU
		{256E48EF-6670-4B31-B1AE-CCF57EA4220A}.Debug|Any CPU.Build.0 = Debug|Any CPU
		{256E48EF-6670-4B31-B1AE-CCF57EA4220A}.Release|Any CPU.ActiveCfg = Release|Any CPU
		{256E48EF-6670-4B31-B1AE-CCF57EA4220A}.Release|Any CPU.Build.0 = Release|Any CPU
		{DE430E11-6C7C-43A5-9B4C-54AC66953FBB}.Debug|Any CPU.ActiveCfg = Debug|Any CPU
		{DE430E11-6C7C-43A5-9B4C-54AC66953FBB}.Debug|Any CPU.Build.0 = Debug|Any CPU
		{DE430E11-6C7C-43A5-9B4C-54AC66953FBB}.Release|Any CPU.ActiveCfg = Release|Any CPU
		{DE430E11-6C7C-43A5-9B4C-54AC66953FBB}.Release|Any CPU.Build.0 = Release|Any CPU
		{E13BCBB5-181B-476E-B1D8-DD5A8AB03DEE}.Debug|Any CPU.ActiveCfg = Debug|Any CPU
		{E13BCBB5-181B-476E-B1D8-DD5A8AB03DEE}.Debug|Any CPU.Build.0 = Debug|Any CPU
		{E13BCBB5-181B-476E-B1D8-DD5A8AB03DEE}.Release|Any CPU.ActiveCfg = Release|Any CPU
		{E13BCBB5-181B-476E-B1D8-DD5A8AB03DEE}.Release|Any CPU.Build.0 = Release|Any CPU
		{C3B179F3-ECDA-4062-A3E3-66DD54773D39}.Debug|Any CPU.ActiveCfg = Debug|Any CPU
		{C3B179F3-ECDA-4062-A3E3-66DD54773D39}.Debug|Any CPU.Build.0 = Debug|Any CPU
		{C3B179F3-ECDA-4062-A3E3-66DD54773D39}.Release|Any CPU.ActiveCfg = Release|Any CPU
		{C3B179F3-ECDA-4062-A3E3-66DD54773D39}.Release|Any CPU.Build.0 = Release|Any CPU
		{68D2C542-5340-4912-A208-7E58E272B6A5}.Debug|Any CPU.ActiveCfg = Debug|Any CPU
		{68D2C542-5340-4912-A208-7E58E272B6A5}.Debug|Any CPU.Build.0 = Debug|Any CPU
		{68D2C542-5340-4912-A208-7E58E272B6A5}.Release|Any CPU.ActiveCfg = Release|Any CPU
		{68D2C542-5340-4912-A208-7E58E272B6A5}.Release|Any CPU.Build.0 = Release|Any CPU
		{135ABB21-682D-4BD3-9128-08E6F2DE4406}.Debug|Any CPU.ActiveCfg = Debug|Any CPU
		{135ABB21-682D-4BD3-9128-08E6F2DE4406}.Debug|Any CPU.Build.0 = Debug|Any CPU
		{135ABB21-682D-4BD3-9128-08E6F2DE4406}.Release|Any CPU.ActiveCfg = Release|Any CPU
		{135ABB21-682D-4BD3-9128-08E6F2DE4406}.Release|Any CPU.Build.0 = Release|Any CPU
		{5FA678AD-AC7C-4FF3-B934-27416BD4DFB3}.Debug|Any CPU.ActiveCfg = Debug|Any CPU
		{5FA678AD-AC7C-4FF3-B934-27416BD4DFB3}.Debug|Any CPU.Build.0 = Debug|Any CPU
		{5FA678AD-AC7C-4FF3-B934-27416BD4DFB3}.Release|Any CPU.ActiveCfg = Release|Any CPU
		{5FA678AD-AC7C-4FF3-B934-27416BD4DFB3}.Release|Any CPU.Build.0 = Release|Any CPU
		{C62894FF-7CD5-4FF9-9AA5-10A435FA2F26}.Debug|Any CPU.ActiveCfg = Debug|Any CPU
		{C62894FF-7CD5-4FF9-9AA5-10A435FA2F26}.Debug|Any CPU.Build.0 = Debug|Any CPU
		{C62894FF-7CD5-4FF9-9AA5-10A435FA2F26}.Release|Any CPU.ActiveCfg = Release|Any CPU
		{C62894FF-7CD5-4FF9-9AA5-10A435FA2F26}.Release|Any CPU.Build.0 = Release|Any CPU
		{B716F989-3E00-47BA-9A06-E9680FE28B0F}.Debug|Any CPU.ActiveCfg = Debug|Any CPU
		{B716F989-3E00-47BA-9A06-E9680FE28B0F}.Debug|Any CPU.Build.0 = Debug|Any CPU
		{B716F989-3E00-47BA-9A06-E9680FE28B0F}.Release|Any CPU.ActiveCfg = Release|Any CPU
		{B716F989-3E00-47BA-9A06-E9680FE28B0F}.Release|Any CPU.Build.0 = Release|Any CPU
		{7242745E-B034-43AD-ADE9-6FF57AC706E4}.Debug|Any CPU.ActiveCfg = Debug|Any CPU
		{7242745E-B034-43AD-ADE9-6FF57AC706E4}.Debug|Any CPU.Build.0 = Debug|Any CPU
		{7242745E-B034-43AD-ADE9-6FF57AC706E4}.Release|Any CPU.ActiveCfg = Release|Any CPU
		{7242745E-B034-43AD-ADE9-6FF57AC706E4}.Release|Any CPU.Build.0 = Release|Any CPU
		{C19C535F-267E-447F-AC84-1A3CEF730452}.Debug|Any CPU.ActiveCfg = Debug|Any CPU
		{C19C535F-267E-447F-AC84-1A3CEF730452}.Debug|Any CPU.Build.0 = Debug|Any CPU
		{C19C535F-267E-447F-AC84-1A3CEF730452}.Release|Any CPU.ActiveCfg = Release|Any CPU
		{C19C535F-267E-447F-AC84-1A3CEF730452}.Release|Any CPU.Build.0 = Release|Any CPU
		{12B1ED78-1F73-4DE0-AC6C-152172367F2E}.Debug|Any CPU.ActiveCfg = Debug|Any CPU
		{12B1ED78-1F73-4DE0-AC6C-152172367F2E}.Debug|Any CPU.Build.0 = Debug|Any CPU
		{12B1ED78-1F73-4DE0-AC6C-152172367F2E}.Release|Any CPU.ActiveCfg = Release|Any CPU
		{12B1ED78-1F73-4DE0-AC6C-152172367F2E}.Release|Any CPU.Build.0 = Release|Any CPU
		{644CF48D-3993-4952-9E44-A5961B08509B}.Debug|Any CPU.ActiveCfg = Debug|Any CPU
		{644CF48D-3993-4952-9E44-A5961B08509B}.Debug|Any CPU.Build.0 = Debug|Any CPU
		{644CF48D-3993-4952-9E44-A5961B08509B}.Release|Any CPU.ActiveCfg = Release|Any CPU
		{644CF48D-3993-4952-9E44-A5961B08509B}.Release|Any CPU.Build.0 = Release|Any CPU
	EndGlobalSection
	GlobalSection(SolutionProperties) = preSolution
		HideSolutionNode = FALSE
	EndGlobalSection
	GlobalSection(NestedProjects) = preSolution
		{165121F7-C307-4E2A-A5BD-AE59D3D824CB} = {F7B61D03-3AA9-45B3-B13F-0943CB215EBA}
		{6F70E2A7-27B9-4520-BEDD-B8F1BE86BB67} = {F7B61D03-3AA9-45B3-B13F-0943CB215EBA}
		{85D39578-FB30-4ACF-80A4-C11C44756831} = {1614A4D0-2346-4B46-A7BF-08558A77E046}
		{3682DD02-2AF0-4AE6-940E-128E08F24F0E} = {F7B61D03-3AA9-45B3-B13F-0943CB215EBA}
		{9FDE045E-FDCF-4479-9567-1537B293FD75} = {CE17C9A1-B0A6-4B8E-9ED6-3F0DAF591CBE}
		{09DD4CA4-2040-4AF5-AC6E-08F4B153704C} = {1614A4D0-2346-4B46-A7BF-08558A77E046}
		{41D49BE4-869C-4542-9F22-2C9DB399BF21} = {85D39578-FB30-4ACF-80A4-C11C44756831}
		{2536A27E-9AB1-43B1-AFC2-7799DAF21483} = {85D39578-FB30-4ACF-80A4-C11C44756831}
		{864A6CF2-586C-4C99-8513-539772229A63} = {6F70E2A7-27B9-4520-BEDD-B8F1BE86BB67}
		{61C742B0-1780-4352-ADD7-08F5EB02A7BC} = {85D39578-FB30-4ACF-80A4-C11C44756831}
		{256E48EF-6670-4B31-B1AE-CCF57EA4220A} = {85D39578-FB30-4ACF-80A4-C11C44756831}
		{DE430E11-6C7C-43A5-9B4C-54AC66953FBB} = {165121F7-C307-4E2A-A5BD-AE59D3D824CB}
		{E13BCBB5-181B-476E-B1D8-DD5A8AB03DEE} = {3682DD02-2AF0-4AE6-940E-128E08F24F0E}
		{3C09D808-A04E-4B97-8FE5-C83136D3198A} = {1614A4D0-2346-4B46-A7BF-08558A77E046}
		{C3B179F3-ECDA-4062-A3E3-66DD54773D39} = {3C09D808-A04E-4B97-8FE5-C83136D3198A}
		{68D2C542-5340-4912-A208-7E58E272B6A5} = {3C09D808-A04E-4B97-8FE5-C83136D3198A}
		{27CE49E5-68AC-4D2D-9C00-CAAB83DD77A3} = {F7B61D03-3AA9-45B3-B13F-0943CB215EBA}
		{135ABB21-682D-4BD3-9128-08E6F2DE4406} = {27CE49E5-68AC-4D2D-9C00-CAAB83DD77A3}
		{5FA678AD-AC7C-4FF3-B934-27416BD4DFB3} = {CE17C9A1-B0A6-4B8E-9ED6-3F0DAF591CBE}
		{C62894FF-7CD5-4FF9-9AA5-10A435FA2F26} = {CE17C9A1-B0A6-4B8E-9ED6-3F0DAF591CBE}
		{765E3AE6-D581-468A-A041-68D4B756A069} = {6556E1C8-9E8C-4614-A6D9-80DF821F4D03}
		{0F00A047-09B3-4236-9D47-7867A9498CBF} = {765E3AE6-D581-468A-A041-68D4B756A069}
		{B716F989-3E00-47BA-9A06-E9680FE28B0F} = {765E3AE6-D581-468A-A041-68D4B756A069}
		{DE33B0E1-1D55-410B-AF1B-14B17A47CBA4} = {765E3AE6-D581-468A-A041-68D4B756A069}
		{7242745E-B034-43AD-ADE9-6FF57AC706E4} = {0F00A047-09B3-4236-9D47-7867A9498CBF}
		{C19C535F-267E-447F-AC84-1A3CEF730452} = {765E3AE6-D581-468A-A041-68D4B756A069}
		{A568B6F1-5AE5-455F-A5A1-1D14FDB7F4CD} = {0F00A047-09B3-4236-9D47-7867A9498CBF}
		{12B1ED78-1F73-4DE0-AC6C-152172367F2E} = {A568B6F1-5AE5-455F-A5A1-1D14FDB7F4CD}
		{644CF48D-3993-4952-9E44-A5961B08509B} = {BB318299-B208-45BB-B836-4BE6F405C6B6}
	EndGlobalSection
	GlobalSection(ExtensibilityGlobals) = postSolution
		SolutionGuid = {C57594B1-16AE-49CA-8B93-C41A39EB7666}
	EndGlobalSection
EndGlobal
