
Microsoft Visual Studio Solution File, Format Version 12.00
# Visual Studio Version 17
VisualStudioVersion = 17.6.33617.297
MinimumVisualStudioVersion = 10.0.40219.1
Project("{2150E333-8FDC-42A3-9474-1A3956D46DE8}") = "Abc", "Abc", "{1614A4D0-2346-4B46-A7BF-08558A77E046}"
	ProjectSection(SolutionItems) = preProject
		README.md = README.md
	EndProjectSection
EndProject
Project("{2150E333-8FDC-42A3-9474-1A3956D46DE8}") = "Rvrs", "Rvrs", "{CE17C9A1-B0A6-4B8E-9ED6-3F0DAF591CBE}"
EndProject
Project("{9A19103F-16F7-4668-BE54-9A1E7A4F7556}") = "Abc", "Abc.Def\Abc.csproj", "{A09F7BF6-5718-49D5-9A50-4CEEFD9DF21A}"
EndProject
Project("{9A19103F-16F7-4668-BE54-9A1E7A4F7556}") = "Abc.Coll", "Abc.Coll.Def\Abc.Coll.csproj", "{C2B4DA4D-1765-44D5-B692-EAE7AD772517}"
EndProject
Project("{2150E333-8FDC-42A3-9474-1A3956D46DE8}") = "_Test&Learn", "_Test&Learn", "{F7B61D03-3AA9-45B3-B13F-0943CB215EBA}"
EndProject
Project("{2150E333-8FDC-42A3-9474-1A3956D46DE8}") = "Abc", "Abc", "{165121F7-C307-4E2A-A5BD-AE59D3D824CB}"
EndProject
Project("{9A19103F-16F7-4668-BE54-9A1E7A4F7556}") = "Rvrs.Def", "Rvrs.Def\Rvrs.Def.csproj", "{BE55A250-3BD1-4898-A3E6-EE1E60E110D3}"
EndProject
Project("{FAE04EC0-301F-11D3-BF4B-00C04F79EFBC}") = "Abc.Coll.Var", "Abc.Coll\Abc.Coll.Var.csproj", "{EDFF6A13-54A3-4B48-AF14-C6C7470CF3E6}"
EndProject
Global
	GlobalSection(SolutionConfigurationPlatforms) = preSolution
		Debug|Any CPU = Debug|Any CPU
		Release|Any CPU = Release|Any CPU
	EndGlobalSection
	GlobalSection(ProjectConfigurationPlatforms) = postSolution
		{A09F7BF6-5718-49D5-9A50-4CEEFD9DF21A}.Debug|Any CPU.ActiveCfg = Debug|Any CPU
		{A09F7BF6-5718-49D5-9A50-4CEEFD9DF21A}.Debug|Any CPU.Build.0 = Debug|Any CPU
		{A09F7BF6-5718-49D5-9A50-4CEEFD9DF21A}.Release|Any CPU.ActiveCfg = Release|Any CPU
		{A09F7BF6-5718-49D5-9A50-4CEEFD9DF21A}.Release|Any CPU.Build.0 = Release|Any CPU
		{C2B4DA4D-1765-44D5-B692-EAE7AD772517}.Debug|Any CPU.ActiveCfg = Debug|Any CPU
		{C2B4DA4D-1765-44D5-B692-EAE7AD772517}.Debug|Any CPU.Build.0 = Debug|Any CPU
		{C2B4DA4D-1765-44D5-B692-EAE7AD772517}.Release|Any CPU.ActiveCfg = Release|Any CPU
		{C2B4DA4D-1765-44D5-B692-EAE7AD772517}.Release|Any CPU.Build.0 = Release|Any CPU
		{BE55A250-3BD1-4898-A3E6-EE1E60E110D3}.Debug|Any CPU.ActiveCfg = Debug|Any CPU
		{BE55A250-3BD1-4898-A3E6-EE1E60E110D3}.Debug|Any CPU.Build.0 = Debug|Any CPU
		{BE55A250-3BD1-4898-A3E6-EE1E60E110D3}.Release|Any CPU.ActiveCfg = Release|Any CPU
		{BE55A250-3BD1-4898-A3E6-EE1E60E110D3}.Release|Any CPU.Build.0 = Release|Any CPU
		{EDFF6A13-54A3-4B48-AF14-C6C7470CF3E6}.Debug|Any CPU.ActiveCfg = Debug|Any CPU
		{EDFF6A13-54A3-4B48-AF14-C6C7470CF3E6}.Debug|Any CPU.Build.0 = Debug|Any CPU
		{EDFF6A13-54A3-4B48-AF14-C6C7470CF3E6}.Release|Any CPU.ActiveCfg = Release|Any CPU
		{EDFF6A13-54A3-4B48-AF14-C6C7470CF3E6}.Release|Any CPU.Build.0 = Release|Any CPU
	EndGlobalSection
	GlobalSection(SolutionProperties) = preSolution
		HideSolutionNode = FALSE
	EndGlobalSection
	GlobalSection(NestedProjects) = preSolution
		{A09F7BF6-5718-49D5-9A50-4CEEFD9DF21A} = {1614A4D0-2346-4B46-A7BF-08558A77E046}
		{C2B4DA4D-1765-44D5-B692-EAE7AD772517} = {1614A4D0-2346-4B46-A7BF-08558A77E046}
		{165121F7-C307-4E2A-A5BD-AE59D3D824CB} = {F7B61D03-3AA9-45B3-B13F-0943CB215EBA}
		{BE55A250-3BD1-4898-A3E6-EE1E60E110D3} = {CE17C9A1-B0A6-4B8E-9ED6-3F0DAF591CBE}
		{EDFF6A13-54A3-4B48-AF14-C6C7470CF3E6} = {1614A4D0-2346-4B46-A7BF-08558A77E046}
	EndGlobalSection
	GlobalSection(ExtensibilityGlobals) = postSolution
		SolutionGuid = {C57594B1-16AE-49CA-8B93-C41A39EB7666}
	EndGlobalSection
EndGlobal
